
Microsoft Visual Studio Solution File, Format Version 12.00
# Visual Studio 15
Project("{FAE04EC0-301F-11D3-BF4B-00C04F79EFBC}") = "Assembly-CSharp", "Assembly-CSharp.csproj", "{44877FBF-C424-807A-D3D7-2354A6B2F8DE}"
EndProject
Project("{FAE04EC0-301F-11D3-BF4B-00C04F79EFBC}") = "Assembly-CSharp-Editor", "Assembly-CSharp-Editor.csproj", "{7BA3EC6B-4243-8846-834D-46F17BB753DD}"
EndProject
Global
	GlobalSection(SolutionConfigurationPlatforms) = preSolution
		Debug|Any CPU = Debug|Any CPU
		Release|Any CPU = Release|Any CPU
	EndGlobalSection
	GlobalSection(ProjectConfigurationPlatforms) = postSolution
		{44877FBF-C424-807A-D3D7-2354A6B2F8DE}.Debug|Any CPU.ActiveCfg = Debug|Any CPU
		{44877FBF-C424-807A-D3D7-2354A6B2F8DE}.Debug|Any CPU.Build.0 = Debug|Any CPU
		{44877FBF-C424-807A-D3D7-2354A6B2F8DE}.Release|Any CPU.ActiveCfg = Release|Any CPU
		{44877FBF-C424-807A-D3D7-2354A6B2F8DE}.Release|Any CPU.Build.0 = Release|Any CPU
		{7BA3EC6B-4243-8846-834D-46F17BB753DD}.Debug|Any CPU.ActiveCfg = Debug|Any CPU
		{7BA3EC6B-4243-8846-834D-46F17BB753DD}.Debug|Any CPU.Build.0 = Debug|Any CPU
		{7BA3EC6B-4243-8846-834D-46F17BB753DD}.Release|Any CPU.ActiveCfg = Release|Any CPU
		{7BA3EC6B-4243-8846-834D-46F17BB753DD}.Release|Any CPU.Build.0 = Release|Any CPU
	EndGlobalSection
	GlobalSection(SolutionProperties) = preSolution
		HideSolutionNode = FALSE
	EndGlobalSection
EndGlobal
